
Microsoft Visual Studio Solution File, Format Version 12.00
# Visual Studio Version 17
VisualStudioVersion = 17.2.32616.157
MinimumVisualStudioVersion = 10.0.40219.1
Project("{FAE04EC0-301F-11D3-BF4B-00C04F79EFBC}") = "MovieWinform", "MovieWinform.csproj", "{BE358CE1-72D5-4DBD-BAA6-6A44965C42DE}"
EndProject
Global
	GlobalSection(SolutionConfigurationPlatforms) = preSolution
		Debug|Any CPU = Debug|Any CPU
		Release|Any CPU = Release|Any CPU
	EndGlobalSection
	GlobalSection(ProjectConfigurationPlatforms) = postSolution
		{BE358CE1-72D5-4DBD-BAA6-6A44965C42DE}.Debug|Any CPU.ActiveCfg = Debug|Any CPU
		{BE358CE1-72D5-4DBD-BAA6-6A44965C42DE}.Debug|Any CPU.Build.0 = Debug|Any CPU
		{BE358CE1-72D5-4DBD-BAA6-6A44965C42DE}.Release|Any CPU.ActiveCfg = Release|Any CPU
		{BE358CE1-72D5-4DBD-BAA6-6A44965C42DE}.Release|Any CPU.Build.0 = Release|Any CPU
	EndGlobalSection
	GlobalSection(SolutionProperties) = preSolution
		HideSolutionNode = FALSE
	EndGlobalSection
	GlobalSection(ExtensibilityGlobals) = postSolution
		SolutionGuid = {8FB70EF4-E914-4C36-8740-620AC3DD3640}
	EndGlobalSection
EndGlobal
